
Microsoft Visual Studio Solution File, Format Version 12.00
# Visual Studio Version 17
VisualStudioVersion = 17.14.36202.13
MinimumVisualStudioVersion = 10.0.40219.1
Project("{FAE04EC0-301F-11D3-BF4B-00C04F79EFBC}") = "ServiceHost", "ServiceHost\ServiceHost.csproj", "{4C8EE5AE-9987-45C8-A710-32609E5192DD}"
EndProject
Project("{2150E333-8FDC-42A3-9474-1A3956D46DE8}") = "AccountManagement", "AccountManagement", "{02EA681E-C7D8-13C7-8484-4AC65E1B71E8}"
EndProject
Project("{2150E333-8FDC-42A3-9474-1A3956D46DE8}") = "BlogManagement", "BlogManagement", "{9836D971-1555-4CB5-B1A7-28E7C81DB4DE}"
EndProject
Project("{2150E333-8FDC-42A3-9474-1A3956D46DE8}") = "CommentManagement", "CommentManagement", "{597691C0-D48D-4392-810E-463A21EE8D94}"
EndProject
Project("{2150E333-8FDC-42A3-9474-1A3956D46DE8}") = "GeneralManagement", "GeneralManagement", "{0579E990-3B71-40E3-9FD5-F3E5915D4298}"
EndProject
Project("{2150E333-8FDC-42A3-9474-1A3956D46DE8}") = "ShopManagement", "ShopManagement", "{9FCA472D-4CA2-42EC-8984-F0A78C0AC457}"
EndProject
Project("{2150E333-8FDC-42A3-9474-1A3956D46DE8}") = "AccountManagement.Application", "AccountManagement.Application", "{8BB678A0-3F58-4640-8C79-EED5E3D5848E}"
EndProject
Project("{2150E333-8FDC-42A3-9474-1A3956D46DE8}") = "AccountManagement.Domain", "AccountManagement.Domain", "{84D4D5F5-CF3D-4FC5-A6B3-ABB69B3B57F0}"
EndProject
Project("{2150E333-8FDC-42A3-9474-1A3956D46DE8}") = "AccountManagement.Infrastructure", "AccountManagement.Infrastructure", "{51AC7181-0DD5-4367-A056-28C88D29E1B3}"
EndProject
Project("{FAE04EC0-301F-11D3-BF4B-00C04F79EFBC}") = "AccountManagement.Application", "AccountManagement.Application\AccountManagement.Application.csproj", "{05094EF2-B525-490D-B7AA-AAF344B1AF10}"
EndProject
Project("{FAE04EC0-301F-11D3-BF4B-00C04F79EFBC}") = "AccountManagement.Application.Contracts", "AccountManagement.Application.Contracts\AccountManagement.Application.Contracts.csproj", "{AFD6BC53-988F-4D79-B758-9B7C5325C3E7}"
EndProject
Project("{FAE04EC0-301F-11D3-BF4B-00C04F79EFBC}") = "AccountManagement.Configuration", "AccountManagement.Configuration\AccountManagement.Configuration.csproj", "{1CEDE4B1-0AC4-43B4-ACA5-3F09F699C372}"
EndProject
Project("{FAE04EC0-301F-11D3-BF4B-00C04F79EFBC}") = "AccountManagement.Domain", "AccountManagement.Domain\AccountManagement.Domain.csproj", "{F288CE1A-346D-4559-8C30-48BD0E781155}"
EndProject
Project("{FAE04EC0-301F-11D3-BF4B-00C04F79EFBC}") = "AcountManagement.Infrastructure.EFCore", "AcountManagement.Infrastructure.EFCore\AcountManagement.Infrastructure.EFCore.csproj", "{6F69D147-21BC-46DE-9144-C4036BCE498E}"
EndProject
Project("{2150E333-8FDC-42A3-9474-1A3956D46DE8}") = "BlogManagement.Application", "BlogManagement.Application", "{3A4E6702-1962-43BE-B8CE-EAEC7823B82D}"
EndProject
Project("{2150E333-8FDC-42A3-9474-1A3956D46DE8}") = "BlogManagement.Domain", "BlogManagement.Domain", "{7E8BFB1E-9DF9-44AC-BBBC-A68636EC7D8B}"
EndProject
Project("{2150E333-8FDC-42A3-9474-1A3956D46DE8}") = "BlogManagement.Infrastructure", "BlogManagement.Infrastructure", "{009317A8-EDD8-4827-AEDC-7C3E17299EB2}"
EndProject
Project("{FAE04EC0-301F-11D3-BF4B-00C04F79EFBC}") = "BlogManagement.Application", "BlogManagement.Application\BlogManagement.Application.csproj", "{4312C76D-C80B-4F2E-97C1-F33FF59079EC}"
EndProject
Project("{FAE04EC0-301F-11D3-BF4B-00C04F79EFBC}") = "BlogManagement.Application.Contracts", "BlogManagement.Application.Contracts\BlogManagement.Application.Contracts.csproj", "{51CED642-61B9-424A-9E80-944636563E6A}"
EndProject
Project("{FAE04EC0-301F-11D3-BF4B-00C04F79EFBC}") = "BlogManagement.Domain", "BlogManagement.Domain\BlogManagement.Domain.csproj", "{B4B24066-8AB4-4C73-85DB-328C8C8B20CB}"
EndProject
Project("{FAE04EC0-301F-11D3-BF4B-00C04F79EFBC}") = "BlogManagement.Configuration", "BlogManagement.Configuration\BlogManagement.Configuration.csproj", "{CD00EE48-993F-4E84-9909-A13BA63420D4}"
EndProject
Project("{FAE04EC0-301F-11D3-BF4B-00C04F79EFBC}") = "BlogManagement.Infrastructure.EFCore", "BlogManagement.Infrastructure.EFCore\BlogManagement.Infrastructure.EFCore.csproj", "{6B4DC162-A2FB-4D3B-8A6C-A42FF40B60C1}"
EndProject
Project("{FAE04EC0-301F-11D3-BF4B-00C04F79EFBC}") = "My_Shop_Framework", "My_Shop_Framework\My_Shop_Framework.csproj", "{63183FE7-5320-445A-BF85-30FA7F3CC3BB}"
EndProject
Project("{FAE04EC0-301F-11D3-BF4B-00C04F79EFBC}") = "My_ShopQuery", "My_ShopQuery\My_ShopQuery.csproj", "{067FFA8B-285B-465C-A756-90DADACCC9F4}"
EndProject
Project("{2150E333-8FDC-42A3-9474-1A3956D46DE8}") = "CommentManagement.Application", "CommentManagement.Application", "{3D829F16-EF25-4213-B1C7-08A58C78B265}"
EndProject
Project("{2150E333-8FDC-42A3-9474-1A3956D46DE8}") = "CommentManagement.Domain", "CommentManagement.Domain", "{E5D3902D-5D10-4C1D-A522-03E4954C5045}"
EndProject
Project("{2150E333-8FDC-42A3-9474-1A3956D46DE8}") = "CommentManagement.Infrastructure", "CommentManagement.Infrastructure", "{32915D00-5F5C-4384-89CD-F612A6BB3BDC}"
EndProject
Project("{FAE04EC0-301F-11D3-BF4B-00C04F79EFBC}") = "CommentManagement.Application", "CommentManagement.Application\CommentManagement.Application.csproj", "{40FBF63E-4676-488A-97EF-C06361D30CC9}"
EndProject
Project("{FAE04EC0-301F-11D3-BF4B-00C04F79EFBC}") = "CommentManagement.Application.Contracts", "CommentManagement.Application.Contracts\CommentManagement.Application.Contracts.csproj", "{F0BF8901-D42C-43B8-A380-EDA59B7E745D}"
EndProject
Project("{FAE04EC0-301F-11D3-BF4B-00C04F79EFBC}") = "CommentManagement.Domain", "CommentManagement.Domain\CommentManagement.Domain.csproj", "{0411D227-CBBA-4B37-BD35-E862FD078C77}"
EndProject
Project("{FAE04EC0-301F-11D3-BF4B-00C04F79EFBC}") = "CommentManagement.Configuration", "CommentManagement.Configuration\CommentManagement.Configuration.csproj", "{580FD774-F643-4DC3-9FF8-A2CEFA506794}"
EndProject
Project("{FAE04EC0-301F-11D3-BF4B-00C04F79EFBC}") = "CommentManagement.Infrastructure.EFCore", "CommentManagement.Infrastructure.EFCore\CommentManagement.Infrastructure.EFCore.csproj", "{EC40FECD-6837-48A2-B967-4221B5012FE6}"
EndProject
Project("{2150E333-8FDC-42A3-9474-1A3956D46DE8}") = "GeneralManagement.Application", "GeneralManagement.Application", "{FDDC8AD8-370D-4533-909E-576860A2C561}"
EndProject
Project("{2150E333-8FDC-42A3-9474-1A3956D46DE8}") = "GeneralManagement.Domain", "GeneralManagement.Domain", "{C3CD0706-EF2B-49B5-9043-94310F194FB1}"
EndProject
Project("{2150E333-8FDC-42A3-9474-1A3956D46DE8}") = "GeneralManagement.Infrastructure", "GeneralManagement.Infrastructure", "{496F6760-5DC8-4685-92DC-5000CDCD6A28}"
EndProject
Project("{FAE04EC0-301F-11D3-BF4B-00C04F79EFBC}") = "GeneralManagement.Application", "GeneralManagement.Application\GeneralManagement.Application.csproj", "{CB5C941A-3CBF-41AC-81DB-87BD3AD4D4FC}"
EndProject
Project("{FAE04EC0-301F-11D3-BF4B-00C04F79EFBC}") = "GeneralManagement.Application.Contracts", "GeneralManagement.Application.Contracts\GeneralManagement.Application.Contracts.csproj", "{4ADB38E7-989C-4D94-BFF7-75B0CEBDB35B}"
EndProject
Project("{FAE04EC0-301F-11D3-BF4B-00C04F79EFBC}") = "GeneralManagement.Domain", "GeneralManagement.Domain\GeneralManagement.Domain.csproj", "{F5F89C5B-334D-4D28-816C-AED4DE4E942E}"
EndProject
Project("{FAE04EC0-301F-11D3-BF4B-00C04F79EFBC}") = "GeneralManagement.Configuration", "GeneralManagement.Configuration\GeneralManagement.Configuration.csproj", "{03360F61-0E59-4027-A848-63F3811AEA0B}"
EndProject
Project("{FAE04EC0-301F-11D3-BF4B-00C04F79EFBC}") = "GeneralManagement.Infrastructure.EFCore", "GeneralManagement.Infrastructure.EFCore\GeneralManagement.Infrastructure.EFCore.csproj", "{2551170B-FF53-4C84-8799-C7BD3F579036}"
EndProject
Project("{2150E333-8FDC-42A3-9474-1A3956D46DE8}") = "ShopManagement.Application", "ShopManagement.Application", "{F31374AA-22EA-406C-AF17-8930B12B8A3E}"
EndProject
Project("{2150E333-8FDC-42A3-9474-1A3956D46DE8}") = "ShopManagement.Domain", "ShopManagement.Domain", "{8FC7D4A3-08AC-4ED7-922B-17DBB5B89463}"
EndProject
Project("{2150E333-8FDC-42A3-9474-1A3956D46DE8}") = "ShopManagement.Infrastructure", "ShopManagement.Infrastructure", "{7793D3CE-C5EB-48DD-B813-1850410FA4D7}"
EndProject
Project("{FAE04EC0-301F-11D3-BF4B-00C04F79EFBC}") = "ShopManagement.Application", "ShopManagement.Application\ShopManagement.Application.csproj", "{6687FC67-5BEF-431D-89EC-C56478E0AE00}"
EndProject
Project("{FAE04EC0-301F-11D3-BF4B-00C04F79EFBC}") = "ShopManagement.Application.Contracts", "ShopManagement.Application.Contracts\ShopManagement.Application.Contracts.csproj", "{B8256A53-F2B6-4986-9BE3-FC339D61511A}"
EndProject
Project("{FAE04EC0-301F-11D3-BF4B-00C04F79EFBC}") = "ShopManagement.Domain", "ShopManagement.Domain\ShopManagement.Domain.csproj", "{4A93912E-D32F-461B-99F0-78CFBFC8B412}"
EndProject
Project("{FAE04EC0-301F-11D3-BF4B-00C04F79EFBC}") = "ShopManagement.Configuration", "ShopManagement.Configuration\ShopManagement.Configuration.csproj", "{AF1BEEA0-B234-46DC-86EA-3A104EC8401B}"
EndProject
Project("{FAE04EC0-301F-11D3-BF4B-00C04F79EFBC}") = "ShopManagement.Infrastructure.EFCore", "ShopManagement.Infrastructure.EFCore\ShopManagement.Infrastructure.EFCore.csproj", "{04C20C45-8921-4973-902B-C168DE9BDBA5}"
EndProject
Global
	GlobalSection(SolutionConfigurationPlatforms) = preSolution
		Debug|Any CPU = Debug|Any CPU
		Release|Any CPU = Release|Any CPU
	EndGlobalSection
	GlobalSection(ProjectConfigurationPlatforms) = postSolution
		{4C8EE5AE-9987-45C8-A710-32609E5192DD}.Debug|Any CPU.ActiveCfg = Debug|Any CPU
		{4C8EE5AE-9987-45C8-A710-32609E5192DD}.Debug|Any CPU.Build.0 = Debug|Any CPU
		{4C8EE5AE-9987-45C8-A710-32609E5192DD}.Release|Any CPU.ActiveCfg = Release|Any CPU
		{4C8EE5AE-9987-45C8-A710-32609E5192DD}.Release|Any CPU.Build.0 = Release|Any CPU
		{05094EF2-B525-490D-B7AA-AAF344B1AF10}.Debug|Any CPU.ActiveCfg = Debug|Any CPU
		{05094EF2-B525-490D-B7AA-AAF344B1AF10}.Debug|Any CPU.Build.0 = Debug|Any CPU
		{05094EF2-B525-490D-B7AA-AAF344B1AF10}.Release|Any CPU.ActiveCfg = Release|Any CPU
		{05094EF2-B525-490D-B7AA-AAF344B1AF10}.Release|Any CPU.Build.0 = Release|Any CPU
		{AFD6BC53-988F-4D79-B758-9B7C5325C3E7}.Debug|Any CPU.ActiveCfg = Debug|Any CPU
		{AFD6BC53-988F-4D79-B758-9B7C5325C3E7}.Debug|Any CPU.Build.0 = Debug|Any CPU
		{AFD6BC53-988F-4D79-B758-9B7C5325C3E7}.Release|Any CPU.ActiveCfg = Release|Any CPU
		{AFD6BC53-988F-4D79-B758-9B7C5325C3E7}.Release|Any CPU.Build.0 = Release|Any CPU
		{1CEDE4B1-0AC4-43B4-ACA5-3F09F699C372}.Debug|Any CPU.ActiveCfg = Debug|Any CPU
		{1CEDE4B1-0AC4-43B4-ACA5-3F09F699C372}.Debug|Any CPU.Build.0 = Debug|Any CPU
		{1CEDE4B1-0AC4-43B4-ACA5-3F09F699C372}.Release|Any CPU.ActiveCfg = Release|Any CPU
		{1CEDE4B1-0AC4-43B4-ACA5-3F09F699C372}.Release|Any CPU.Build.0 = Release|Any CPU
		{F288CE1A-346D-4559-8C30-48BD0E781155}.Debug|Any CPU.ActiveCfg = Debug|Any CPU
		{F288CE1A-346D-4559-8C30-48BD0E781155}.Debug|Any CPU.Build.0 = Debug|Any CPU
		{F288CE1A-346D-4559-8C30-48BD0E781155}.Release|Any CPU.ActiveCfg = Release|Any CPU
		{F288CE1A-346D-4559-8C30-48BD0E781155}.Release|Any CPU.Build.0 = Release|Any CPU
		{6F69D147-21BC-46DE-9144-C4036BCE498E}.Debug|Any CPU.ActiveCfg = Debug|Any CPU
		{6F69D147-21BC-46DE-9144-C4036BCE498E}.Debug|Any CPU.Build.0 = Debug|Any CPU
		{6F69D147-21BC-46DE-9144-C4036BCE498E}.Release|Any CPU.ActiveCfg = Release|Any CPU
		{6F69D147-21BC-46DE-9144-C4036BCE498E}.Release|Any CPU.Build.0 = Release|Any CPU
		{4312C76D-C80B-4F2E-97C1-F33FF59079EC}.Debug|Any CPU.ActiveCfg = Debug|Any CPU
		{4312C76D-C80B-4F2E-97C1-F33FF59079EC}.Debug|Any CPU.Build.0 = Debug|Any CPU
		{4312C76D-C80B-4F2E-97C1-F33FF59079EC}.Release|Any CPU.ActiveCfg = Release|Any CPU
		{4312C76D-C80B-4F2E-97C1-F33FF59079EC}.Release|Any CPU.Build.0 = Release|Any CPU
		{51CED642-61B9-424A-9E80-944636563E6A}.Debug|Any CPU.ActiveCfg = Debug|Any CPU
		{51CED642-61B9-424A-9E80-944636563E6A}.Debug|Any CPU.Build.0 = Debug|Any CPU
		{51CED642-61B9-424A-9E80-944636563E6A}.Release|Any CPU.ActiveCfg = Release|Any CPU
		{51CED642-61B9-424A-9E80-944636563E6A}.Release|Any CPU.Build.0 = Release|Any CPU
		{B4B24066-8AB4-4C73-85DB-328C8C8B20CB}.Debug|Any CPU.ActiveCfg = Debug|Any CPU
		{B4B24066-8AB4-4C73-85DB-328C8C8B20CB}.Debug|Any CPU.Build.0 = Debug|Any CPU
		{B4B24066-8AB4-4C73-85DB-328C8C8B20CB}.Release|Any CPU.ActiveCfg = Release|Any CPU
		{B4B24066-8AB4-4C73-85DB-328C8C8B20CB}.Release|Any CPU.Build.0 = Release|Any CPU
		{CD00EE48-993F-4E84-9909-A13BA63420D4}.Debug|Any CPU.ActiveCfg = Debug|Any CPU
		{CD00EE48-993F-4E84-9909-A13BA63420D4}.Debug|Any CPU.Build.0 = Debug|Any CPU
		{CD00EE48-993F-4E84-9909-A13BA63420D4}.Release|Any CPU.ActiveCfg = Release|Any CPU
		{CD00EE48-993F-4E84-9909-A13BA63420D4}.Release|Any CPU.Build.0 = Release|Any CPU
		{6B4DC162-A2FB-4D3B-8A6C-A42FF40B60C1}.Debug|Any CPU.ActiveCfg = Debug|Any CPU
		{6B4DC162-A2FB-4D3B-8A6C-A42FF40B60C1}.Debug|Any CPU.Build.0 = Debug|Any CPU
		{6B4DC162-A2FB-4D3B-8A6C-A42FF40B60C1}.Release|Any CPU.ActiveCfg = Release|Any CPU
		{6B4DC162-A2FB-4D3B-8A6C-A42FF40B60C1}.Release|Any CPU.Build.0 = Release|Any CPU
		{63183FE7-5320-445A-BF85-30FA7F3CC3BB}.Debug|Any CPU.ActiveCfg = Debug|Any CPU
		{63183FE7-5320-445A-BF85-30FA7F3CC3BB}.Debug|Any CPU.Build.0 = Debug|Any CPU
		{63183FE7-5320-445A-BF85-30FA7F3CC3BB}.Release|Any CPU.ActiveCfg = Release|Any CPU
		{63183FE7-5320-445A-BF85-30FA7F3CC3BB}.Release|Any CPU.Build.0 = Release|Any CPU
		{067FFA8B-285B-465C-A756-90DADACCC9F4}.Debug|Any CPU.ActiveCfg = Debug|Any CPU
		{067FFA8B-285B-465C-A756-90DADACCC9F4}.Debug|Any CPU.Build.0 = Debug|Any CPU
		{067FFA8B-285B-465C-A756-90DADACCC9F4}.Release|Any CPU.ActiveCfg = Release|Any CPU
		{067FFA8B-285B-465C-A756-90DADACCC9F4}.Release|Any CPU.Build.0 = Release|Any CPU
		{40FBF63E-4676-488A-97EF-C06361D30CC9}.Debug|Any CPU.ActiveCfg = Debug|Any CPU
		{40FBF63E-4676-488A-97EF-C06361D30CC9}.Debug|Any CPU.Build.0 = Debug|Any CPU
		{40FBF63E-4676-488A-97EF-C06361D30CC9}.Release|Any CPU.ActiveCfg = Release|Any CPU
		{40FBF63E-4676-488A-97EF-C06361D30CC9}.Release|Any CPU.Build.0 = Release|Any CPU
		{F0BF8901-D42C-43B8-A380-EDA59B7E745D}.Debug|Any CPU.ActiveCfg = Debug|Any CPU
		{F0BF8901-D42C-43B8-A380-EDA59B7E745D}.Debug|Any CPU.Build.0 = Debug|Any CPU
		{F0BF8901-D42C-43B8-A380-EDA59B7E745D}.Release|Any CPU.ActiveCfg = Release|Any CPU
		{F0BF8901-D42C-43B8-A380-EDA59B7E745D}.Release|Any CPU.Build.0 = Release|Any CPU
		{0411D227-CBBA-4B37-BD35-E862FD078C77}.Debug|Any CPU.ActiveCfg = Debug|Any CPU
		{0411D227-CBBA-4B37-BD35-E862FD078C77}.Debug|Any CPU.Build.0 = Debug|Any CPU
		{0411D227-CBBA-4B37-BD35-E862FD078C77}.Release|Any CPU.ActiveCfg = Release|Any CPU
		{0411D227-CBBA-4B37-BD35-E862FD078C77}.Release|Any CPU.Build.0 = Release|Any CPU
		{580FD774-F643-4DC3-9FF8-A2CEFA506794}.Debug|Any CPU.ActiveCfg = Debug|Any CPU
		{580FD774-F643-4DC3-9FF8-A2CEFA506794}.Debug|Any CPU.Build.0 = Debug|Any CPU
		{580FD774-F643-4DC3-9FF8-A2CEFA506794}.Release|Any CPU.ActiveCfg = Release|Any CPU
		{580FD774-F643-4DC3-9FF8-A2CEFA506794}.Release|Any CPU.Build.0 = Release|Any CPU
		{EC40FECD-6837-48A2-B967-4221B5012FE6}.Debug|Any CPU.ActiveCfg = Debug|Any CPU
		{EC40FECD-6837-48A2-B967-4221B5012FE6}.Debug|Any CPU.Build.0 = Debug|Any CPU
		{EC40FECD-6837-48A2-B967-4221B5012FE6}.Release|Any CPU.ActiveCfg = Release|Any CPU
		{EC40FECD-6837-48A2-B967-4221B5012FE6}.Release|Any CPU.Build.0 = Release|Any CPU
		{CB5C941A-3CBF-41AC-81DB-87BD3AD4D4FC}.Debug|Any CPU.ActiveCfg = Debug|Any CPU
		{CB5C941A-3CBF-41AC-81DB-87BD3AD4D4FC}.Debug|Any CPU.Build.0 = Debug|Any CPU
		{CB5C941A-3CBF-41AC-81DB-87BD3AD4D4FC}.Release|Any CPU.ActiveCfg = Release|Any CPU
		{CB5C941A-3CBF-41AC-81DB-87BD3AD4D4FC}.Release|Any CPU.Build.0 = Release|Any CPU
		{4ADB38E7-989C-4D94-BFF7-75B0CEBDB35B}.Debug|Any CPU.ActiveCfg = Debug|Any CPU
		{4ADB38E7-989C-4D94-BFF7-75B0CEBDB35B}.Debug|Any CPU.Build.0 = Debug|Any CPU
		{4ADB38E7-989C-4D94-BFF7-75B0CEBDB35B}.Release|Any CPU.ActiveCfg = Release|Any CPU
		{4ADB38E7-989C-4D94-BFF7-75B0CEBDB35B}.Release|Any CPU.Build.0 = Release|Any CPU
		{F5F89C5B-334D-4D28-816C-AED4DE4E942E}.Debug|Any CPU.ActiveCfg = Debug|Any CPU
		{F5F89C5B-334D-4D28-816C-AED4DE4E942E}.Debug|Any CPU.Build.0 = Debug|Any CPU
		{F5F89C5B-334D-4D28-816C-AED4DE4E942E}.Release|Any CPU.ActiveCfg = Release|Any CPU
		{F5F89C5B-334D-4D28-816C-AED4DE4E942E}.Release|Any CPU.Build.0 = Release|Any CPU
		{03360F61-0E59-4027-A848-63F3811AEA0B}.Debug|Any CPU.ActiveCfg = Debug|Any CPU
		{03360F61-0E59-4027-A848-63F3811AEA0B}.Debug|Any CPU.Build.0 = Debug|Any CPU
		{03360F61-0E59-4027-A848-63F3811AEA0B}.Release|Any CPU.ActiveCfg = Release|Any CPU
		{03360F61-0E59-4027-A848-63F3811AEA0B}.Release|Any CPU.Build.0 = Release|Any CPU
		{2551170B-FF53-4C84-8799-C7BD3F579036}.Debug|Any CPU.ActiveCfg = Debug|Any CPU
		{2551170B-FF53-4C84-8799-C7BD3F579036}.Debug|Any CPU.Build.0 = Debug|Any CPU
		{2551170B-FF53-4C84-8799-C7BD3F579036}.Release|Any CPU.ActiveCfg = Release|Any CPU
		{2551170B-FF53-4C84-8799-C7BD3F579036}.Release|Any CPU.Build.0 = Release|Any CPU
		{6687FC67-5BEF-431D-89EC-C56478E0AE00}.Debug|Any CPU.ActiveCfg = Debug|Any CPU
		{6687FC67-5BEF-431D-89EC-C56478E0AE00}.Debug|Any CPU.Build.0 = Debug|Any CPU
		{6687FC67-5BEF-431D-89EC-C56478E0AE00}.Release|Any CPU.ActiveCfg = Release|Any CPU
		{6687FC67-5BEF-431D-89EC-C56478E0AE00}.Release|Any CPU.Build.0 = Release|Any CPU
		{B8256A53-F2B6-4986-9BE3-FC339D61511A}.Debug|Any CPU.ActiveCfg = Debug|Any CPU
		{B8256A53-F2B6-4986-9BE3-FC339D61511A}.Debug|Any CPU.Build.0 = Debug|Any CPU
		{B8256A53-F2B6-4986-9BE3-FC339D61511A}.Release|Any CPU.ActiveCfg = Release|Any CPU
		{B8256A53-F2B6-4986-9BE3-FC339D61511A}.Release|Any CPU.Build.0 = Release|Any CPU
		{4A93912E-D32F-461B-99F0-78CFBFC8B412}.Debug|Any CPU.ActiveCfg = Debug|Any CPU
		{4A93912E-D32F-461B-99F0-78CFBFC8B412}.Debug|Any CPU.Build.0 = Debug|Any CPU
		{4A93912E-D32F-461B-99F0-78CFBFC8B412}.Release|Any CPU.ActiveCfg = Release|Any CPU
		{4A93912E-D32F-461B-99F0-78CFBFC8B412}.Release|Any CPU.Build.0 = Release|Any CPU
		{AF1BEEA0-B234-46DC-86EA-3A104EC8401B}.Debug|Any CPU.ActiveCfg = Debug|Any CPU
		{AF1BEEA0-B234-46DC-86EA-3A104EC8401B}.Debug|Any CPU.Build.0 = Debug|Any CPU
		{AF1BEEA0-B234-46DC-86EA-3A104EC8401B}.Release|Any CPU.ActiveCfg = Release|Any CPU
		{AF1BEEA0-B234-46DC-86EA-3A104EC8401B}.Release|Any CPU.Build.0 = Release|Any CPU
		{04C20C45-8921-4973-902B-C168DE9BDBA5}.Debug|Any CPU.ActiveCfg = Debug|Any CPU
		{04C20C45-8921-4973-902B-C168DE9BDBA5}.Debug|Any CPU.Build.0 = Debug|Any CPU
		{04C20C45-8921-4973-902B-C168DE9BDBA5}.Release|Any CPU.ActiveCfg = Release|Any CPU
		{04C20C45-8921-4973-902B-C168DE9BDBA5}.Release|Any CPU.Build.0 = Release|Any CPU
	EndGlobalSection
	GlobalSection(SolutionProperties) = preSolution
		HideSolutionNode = FALSE
	EndGlobalSection
	GlobalSection(NestedProjects) = preSolution
		{8BB678A0-3F58-4640-8C79-EED5E3D5848E} = {02EA681E-C7D8-13C7-8484-4AC65E1B71E8}
		{84D4D5F5-CF3D-4FC5-A6B3-ABB69B3B57F0} = {02EA681E-C7D8-13C7-8484-4AC65E1B71E8}
		{51AC7181-0DD5-4367-A056-28C88D29E1B3} = {02EA681E-C7D8-13C7-8484-4AC65E1B71E8}
		{05094EF2-B525-490D-B7AA-AAF344B1AF10} = {8BB678A0-3F58-4640-8C79-EED5E3D5848E}
		{AFD6BC53-988F-4D79-B758-9B7C5325C3E7} = {8BB678A0-3F58-4640-8C79-EED5E3D5848E}
		{1CEDE4B1-0AC4-43B4-ACA5-3F09F699C372} = {51AC7181-0DD5-4367-A056-28C88D29E1B3}
		{F288CE1A-346D-4559-8C30-48BD0E781155} = {84D4D5F5-CF3D-4FC5-A6B3-ABB69B3B57F0}
		{6F69D147-21BC-46DE-9144-C4036BCE498E} = {51AC7181-0DD5-4367-A056-28C88D29E1B3}
		{3A4E6702-1962-43BE-B8CE-EAEC7823B82D} = {9836D971-1555-4CB5-B1A7-28E7C81DB4DE}
		{7E8BFB1E-9DF9-44AC-BBBC-A68636EC7D8B} = {9836D971-1555-4CB5-B1A7-28E7C81DB4DE}
		{009317A8-EDD8-4827-AEDC-7C3E17299EB2} = {9836D971-1555-4CB5-B1A7-28E7C81DB4DE}
		{4312C76D-C80B-4F2E-97C1-F33FF59079EC} = {3A4E6702-1962-43BE-B8CE-EAEC7823B82D}
		{51CED642-61B9-424A-9E80-944636563E6A} = {3A4E6702-1962-43BE-B8CE-EAEC7823B82D}
		{B4B24066-8AB4-4C73-85DB-328C8C8B20CB} = {7E8BFB1E-9DF9-44AC-BBBC-A68636EC7D8B}
		{CD00EE48-993F-4E84-9909-A13BA63420D4} = {009317A8-EDD8-4827-AEDC-7C3E17299EB2}
		{6B4DC162-A2FB-4D3B-8A6C-A42FF40B60C1} = {009317A8-EDD8-4827-AEDC-7C3E17299EB2}
		{3D829F16-EF25-4213-B1C7-08A58C78B265} = {597691C0-D48D-4392-810E-463A21EE8D94}
		{E5D3902D-5D10-4C1D-A522-03E4954C5045} = {597691C0-D48D-4392-810E-463A21EE8D94}
		{32915D00-5F5C-4384-89CD-F612A6BB3BDC} = {597691C0-D48D-4392-810E-463A21EE8D94}
		{40FBF63E-4676-488A-97EF-C06361D30CC9} = {3D829F16-EF25-4213-B1C7-08A58C78B265}
		{F0BF8901-D42C-43B8-A380-EDA59B7E745D} = {3D829F16-EF25-4213-B1C7-08A58C78B265}
		{0411D227-CBBA-4B37-BD35-E862FD078C77} = {E5D3902D-5D10-4C1D-A522-03E4954C5045}
		{580FD774-F643-4DC3-9FF8-A2CEFA506794} = {32915D00-5F5C-4384-89CD-F612A6BB3BDC}
		{EC40FECD-6837-48A2-B967-4221B5012FE6} = {32915D00-5F5C-4384-89CD-F612A6BB3BDC}
		{FDDC8AD8-370D-4533-909E-576860A2C561} = {0579E990-3B71-40E3-9FD5-F3E5915D4298}
		{C3CD0706-EF2B-49B5-9043-94310F194FB1} = {0579E990-3B71-40E3-9FD5-F3E5915D4298}
		{496F6760-5DC8-4685-92DC-5000CDCD6A28} = {0579E990-3B71-40E3-9FD5-F3E5915D4298}
		{CB5C941A-3CBF-41AC-81DB-87BD3AD4D4FC} = {FDDC8AD8-370D-4533-909E-576860A2C561}
		{4ADB38E7-989C-4D94-BFF7-75B0CEBDB35B} = {FDDC8AD8-370D-4533-909E-576860A2C561}
		{F5F89C5B-334D-4D28-816C-AED4DE4E942E} = {C3CD0706-EF2B-49B5-9043-94310F194FB1}
		{03360F61-0E59-4027-A848-63F3811AEA0B} = {496F6760-5DC8-4685-92DC-5000CDCD6A28}
		{2551170B-FF53-4C84-8799-C7BD3F579036} = {496F6760-5DC8-4685-92DC-5000CDCD6A28}
		{F31374AA-22EA-406C-AF17-8930B12B8A3E} = {9FCA472D-4CA2-42EC-8984-F0A78C0AC457}
		{8FC7D4A3-08AC-4ED7-922B-17DBB5B89463} = {9FCA472D-4CA2-42EC-8984-F0A78C0AC457}
		{7793D3CE-C5EB-48DD-B813-1850410FA4D7} = {9FCA472D-4CA2-42EC-8984-F0A78C0AC457}
		{6687FC67-5BEF-431D-89EC-C56478E0AE00} = {F31374AA-22EA-406C-AF17-8930B12B8A3E}
		{B8256A53-F2B6-4986-9BE3-FC339D61511A} = {F31374AA-22EA-406C-AF17-8930B12B8A3E}
		{4A93912E-D32F-461B-99F0-78CFBFC8B412} = {8FC7D4A3-08AC-4ED7-922B-17DBB5B89463}
		{AF1BEEA0-B234-46DC-86EA-3A104EC8401B} = {7793D3CE-C5EB-48DD-B813-1850410FA4D7}
		{04C20C45-8921-4973-902B-C168DE9BDBA5} = {7793D3CE-C5EB-48DD-B813-1850410FA4D7}
	EndGlobalSection
	GlobalSection(ExtensibilityGlobals) = postSolution
		SolutionGuid = {06DF9E15-30E4-4FE5-A9D8-BE7C5860ECC4}
	EndGlobalSection
EndGlobal
